// !$*UTF8*$!
{
	archiveVersion = 1;
	classes = {
	};
	objectVersion = 46;
	objects = {

/* Begin PBXBuildFile section */
		1403E1E61E63E707009450E0 /* AppDelegate.swift in Sources */ = {isa = PBXBuildFile; fileRef = 1403E1E51E63E707009450E0 /* AppDelegate.swift */; };
		1403E1EB1E63E707009450E0 /* Main.storyboard in Resources */ = {isa = PBXBuildFile; fileRef = 1403E1E91E63E707009450E0 /* Main.storyboard */; };
		1403E1ED1E63E707009450E0 /* Assets.xcassets in Resources */ = {isa = PBXBuildFile; fileRef = 1403E1EC1E63E707009450E0 /* Assets.xcassets */; };
		1403E1F01E63E707009450E0 /* LaunchScreen.storyboard in Resources */ = {isa = PBXBuildFile; fileRef = 1403E1EE1E63E707009450E0 /* LaunchScreen.storyboard */; };
		1403E1FB1E63E708009450E0 /* Twitter_DemoTests.swift in Sources */ = {isa = PBXBuildFile; fileRef = 1403E1FA1E63E708009450E0 /* Twitter_DemoTests.swift */; };
		1403E2061E63E708009450E0 /* Twitter_DemoUITests.swift in Sources */ = {isa = PBXBuildFile; fileRef = 1403E2051E63E708009450E0 /* Twitter_DemoUITests.swift */; };
		1403E2141E63F8E7009450E0 /* LoginViewController.swift in Sources */ = {isa = PBXBuildFile; fileRef = 1403E2131E63F8E7009450E0 /* LoginViewController.swift */; };
		1429AF4E1E6DFF2C0090F11B /* TweetDetailViewController.swift in Sources */ = {isa = PBXBuildFile; fileRef = 1429AF4D1E6DFF2C0090F11B /* TweetDetailViewController.swift */; };
		1429AF501E6E414A0090F11B /* ProfileViewController.swift in Sources */ = {isa = PBXBuildFile; fileRef = 1429AF4F1E6E414A0090F11B /* ProfileViewController.swift */; };
		14AE0BE01E64863600B52899 /* GlobalVars.swift in Sources */ = {isa = PBXBuildFile; fileRef = 14AE0BDF1E64863600B52899 /* GlobalVars.swift */; };
		14DE76431E64FD9F00578FB2 /* TweetsViewController.swift in Sources */ = {isa = PBXBuildFile; fileRef = 14DE76421E64FD9F00578FB2 /* TweetsViewController.swift */; };
		14DE76481E65095500578FB2 /* TweetCell.swift in Sources */ = {isa = PBXBuildFile; fileRef = 14DE76471E65095500578FB2 /* TweetCell.swift */; };
		14FDDFF81E64A93F001B9DC8 /* User.swift in Sources */ = {isa = PBXBuildFile; fileRef = 14FDDFF71E64A93F001B9DC8 /* User.swift */; };
		14FDDFFA1E64A948001B9DC8 /* Tweet.swift in Sources */ = {isa = PBXBuildFile; fileRef = 14FDDFF91E64A948001B9DC8 /* Tweet.swift */; };
		14FDDFFC1E64AF7B001B9DC8 /* TwitterClient.swift in Sources */ = {isa = PBXBuildFile; fileRef = 14FDDFFB1E64AF7B001B9DC8 /* TwitterClient.swift */; };
		234B32E85F6304688EE49D49 /* Pods_Twitter_Demo.framework in Frameworks */ = {isa = PBXBuildFile; fileRef = 8B7461DC685C9CEE6CA67C84 /* Pods_Twitter_Demo.framework */; };
		5E06C9DDC4CFE9CFF24044F0 /* Pods_Twitter_DemoUITests.framework in Frameworks */ = {isa = PBXBuildFile; fileRef = CB9598DB37014F88220E7323 /* Pods_Twitter_DemoUITests.framework */; };
		6EC8C3C08550E15CECCEB639 /* Pods_Twitter_DemoTests.framework in Frameworks */ = {isa = PBXBuildFile; fileRef = 7C126E8BC2635C4463C160D8 /* Pods_Twitter_DemoTests.framework */; };
/* End PBXBuildFile section */

/* Begin PBXContainerItemProxy section */
		1403E1F71E63E708009450E0 /* PBXContainerItemProxy */ = {
			isa = PBXContainerItemProxy;
			containerPortal = 1403E1DA1E63E707009450E0 /* Project object */;
			proxyType = 1;
			remoteGlobalIDString = 1403E1E11E63E707009450E0;
			remoteInfo = "Twitter-Demo";
		};
		1403E2021E63E708009450E0 /* PBXContainerItemProxy */ = {
			isa = PBXContainerItemProxy;
			containerPortal = 1403E1DA1E63E707009450E0 /* Project object */;
			proxyType = 1;
			remoteGlobalIDString = 1403E1E11E63E707009450E0;
			remoteInfo = "Twitter-Demo";
		};
/* End PBXContainerItemProxy section */

/* Begin PBXFileReference section */
		1403E1E21E63E707009450E0 /* Twitter-Demo.app */ = {isa = PBXFileReference; explicitFileType = wrapper.application; includeInIndex = 0; path = "Twitter-Demo.app"; sourceTree = BUILT_PRODUCTS_DIR; };
		1403E1E51E63E707009450E0 /* AppDelegate.swift */ = {isa = PBXFileReference; lastKnownFileType = sourcecode.swift; path = AppDelegate.swift; sourceTree = "<group>"; };
		1403E1EA1E63E707009450E0 /* Base */ = {isa = PBXFileReference; lastKnownFileType = file.storyboard; name = Base; path = Base.lproj/Main.storyboard; sourceTree = "<group>"; };
		1403E1EC1E63E707009450E0 /* Assets.xcassets */ = {isa = PBXFileReference; lastKnownFileType = folder.assetcatalog; path = Assets.xcassets; sourceTree = "<group>"; };
		1403E1EF1E63E707009450E0 /* Base */ = {isa = PBXFileReference; lastKnownFileType = file.storyboard; name = Base; path = Base.lproj/LaunchScreen.storyboard; sourceTree = "<group>"; };
		1403E1F11E63E707009450E0 /* Info.plist */ = {isa = PBXFileReference; lastKnownFileType = text.plist.xml; path = Info.plist; sourceTree = "<group>"; };
		1403E1F61E63E708009450E0 /* Twitter-DemoTests.xctest */ = {isa = PBXFileReference; explicitFileType = wrapper.cfbundle; includeInIndex = 0; path = "Twitter-DemoTests.xctest"; sourceTree = BUILT_PRODUCTS_DIR; };
		1403E1FA1E63E708009450E0 /* Twitter_DemoTests.swift */ = {isa = PBXFileReference; lastKnownFileType = sourcecode.swift; path = Twitter_DemoTests.swift; sourceTree = "<group>"; };
		1403E1FC1E63E708009450E0 /* Info.plist */ = {isa = PBXFileReference; lastKnownFileType = text.plist.xml; path = Info.plist; sourceTree = "<group>"; };
		1403E2011E63E708009450E0 /* Twitter-DemoUITests.xctest */ = {isa = PBXFileReference; explicitFileType = wrapper.cfbundle; includeInIndex = 0; path = "Twitter-DemoUITests.xctest"; sourceTree = BUILT_PRODUCTS_DIR; };
		1403E2051E63E708009450E0 /* Twitter_DemoUITests.swift */ = {isa = PBXFileReference; lastKnownFileType = sourcecode.swift; path = Twitter_DemoUITests.swift; sourceTree = "<group>"; };
		1403E2071E63E708009450E0 /* Info.plist */ = {isa = PBXFileReference; lastKnownFileType = text.plist.xml; path = Info.plist; sourceTree = "<group>"; };
		1403E2131E63F8E7009450E0 /* LoginViewController.swift */ = {isa = PBXFileReference; fileEncoding = 4; lastKnownFileType = sourcecode.swift; path = LoginViewController.swift; sourceTree = "<group>"; };
		1429AF4D1E6DFF2C0090F11B /* TweetDetailViewController.swift */ = {isa = PBXFileReference; fileEncoding = 4; lastKnownFileType = sourcecode.swift; path = TweetDetailViewController.swift; sourceTree = "<group>"; };
		1429AF4F1E6E414A0090F11B /* ProfileViewController.swift */ = {isa = PBXFileReference; fileEncoding = 4; lastKnownFileType = sourcecode.swift; path = ProfileViewController.swift; sourceTree = "<group>"; };
		14AE0BDF1E64863600B52899 /* GlobalVars.swift */ = {isa = PBXFileReference; fileEncoding = 4; lastKnownFileType = sourcecode.swift; path = GlobalVars.swift; sourceTree = "<group>"; };
		14DE76421E64FD9F00578FB2 /* TweetsViewController.swift */ = {isa = PBXFileReference; fileEncoding = 4; lastKnownFileType = sourcecode.swift; path = TweetsViewController.swift; sourceTree = "<group>"; };
		14DE76471E65095500578FB2 /* TweetCell.swift */ = {isa = PBXFileReference; fileEncoding = 4; lastKnownFileType = sourcecode.swift; path = TweetCell.swift; sourceTree = "<group>"; };
		14FDDFF71E64A93F001B9DC8 /* User.swift */ = {isa = PBXFileReference; fileEncoding = 4; lastKnownFileType = sourcecode.swift; path = User.swift; sourceTree = "<group>"; };
		14FDDFF91E64A948001B9DC8 /* Tweet.swift */ = {isa = PBXFileReference; fileEncoding = 4; lastKnownFileType = sourcecode.swift; path = Tweet.swift; sourceTree = "<group>"; };
		14FDDFFB1E64AF7B001B9DC8 /* TwitterClient.swift */ = {isa = PBXFileReference; fileEncoding = 4; lastKnownFileType = sourcecode.swift; path = TwitterClient.swift; sourceTree = "<group>"; };
		4222EC8CDE5DC4EDAC628B1A /* Pods-Twitter-Demo.release.xcconfig */ = {isa = PBXFileReference; includeInIndex = 1; lastKnownFileType = text.xcconfig; name = "Pods-Twitter-Demo.release.xcconfig"; path = "Pods/Target Support Files/Pods-Twitter-Demo/Pods-Twitter-Demo.release.xcconfig"; sourceTree = "<group>"; };
		620C4E2D61D7C6BA4F2090F0 /* Pods-Twitter-Demo.debug.xcconfig */ = {isa = PBXFileReference; includeInIndex = 1; lastKnownFileType = text.xcconfig; name = "Pods-Twitter-Demo.debug.xcconfig"; path = "Pods/Target Support Files/Pods-Twitter-Demo/Pods-Twitter-Demo.debug.xcconfig"; sourceTree = "<group>"; };
		758CC515EF914DA464F6B52F /* Pods-Twitter-DemoUITests.release.xcconfig */ = {isa = PBXFileReference; includeInIndex = 1; lastKnownFileType = text.xcconfig; name = "Pods-Twitter-DemoUITests.release.xcconfig"; path = "Pods/Target Support Files/Pods-Twitter-DemoUITests/Pods-Twitter-DemoUITests.release.xcconfig"; sourceTree = "<group>"; };
		7A6DA8573DAED33CAD37C81A /* Pods-Twitter-DemoTests.debug.xcconfig */ = {isa = PBXFileReference; includeInIndex = 1; lastKnownFileType = text.xcconfig; name = "Pods-Twitter-DemoTests.debug.xcconfig"; path = "Pods/Target Support Files/Pods-Twitter-DemoTests/Pods-Twitter-DemoTests.debug.xcconfig"; sourceTree = "<group>"; };
		7C126E8BC2635C4463C160D8 /* Pods_Twitter_DemoTests.framework */ = {isa = PBXFileReference; explicitFileType = wrapper.framework; includeInIndex = 0; path = Pods_Twitter_DemoTests.framework; sourceTree = BUILT_PRODUCTS_DIR; };
		8B7461DC685C9CEE6CA67C84 /* Pods_Twitter_Demo.framework */ = {isa = PBXFileReference; explicitFileType = wrapper.framework; includeInIndex = 0; path = Pods_Twitter_Demo.framework; sourceTree = BUILT_PRODUCTS_DIR; };
		93915A0299E1D51B7CDF1AB6 /* Pods-Twitter-DemoTests.release.xcconfig */ = {isa = PBXFileReference; includeInIndex = 1; lastKnownFileType = text.xcconfig; name = "Pods-Twitter-DemoTests.release.xcconfig"; path = "Pods/Target Support Files/Pods-Twitter-DemoTests/Pods-Twitter-DemoTests.release.xcconfig"; sourceTree = "<group>"; };
		B72FAE917BE7D638B315A0BE /* Pods-Twitter-DemoUITests.debug.xcconfig */ = {isa = PBXFileReference; includeInIndex = 1; lastKnownFileType = text.xcconfig; name = "Pods-Twitter-DemoUITests.debug.xcconfig"; path = "Pods/Target Support Files/Pods-Twitter-DemoUITests/Pods-Twitter-DemoUITests.debug.xcconfig"; sourceTree = "<group>"; };
		CB9598DB37014F88220E7323 /* Pods_Twitter_DemoUITests.framework */ = {isa = PBXFileReference; explicitFileType = wrapper.framework; includeInIndex = 0; path = Pods_Twitter_DemoUITests.framework; sourceTree = BUILT_PRODUCTS_DIR; };
/* End PBXFileReference section */

/* Begin PBXFrameworksBuildPhase section */
		1403E1DF1E63E707009450E0 /* Frameworks */ = {
			isa = PBXFrameworksBuildPhase;
			buildActionMask = 2147483647;
			files = (
				234B32E85F6304688EE49D49 /* Pods_Twitter_Demo.framework in Frameworks */,
			);
			runOnlyForDeploymentPostprocessing = 0;
		};
		1403E1F31E63E708009450E0 /* Frameworks */ = {
			isa = PBXFrameworksBuildPhase;
			buildActionMask = 2147483647;
			files = (
				6EC8C3C08550E15CECCEB639 /* Pods_Twitter_DemoTests.framework in Frameworks */,
			);
			runOnlyForDeploymentPostprocessing = 0;
		};
		1403E1FE1E63E708009450E0 /* Frameworks */ = {
			isa = PBXFrameworksBuildPhase;
			buildActionMask = 2147483647;
			files = (
				5E06C9DDC4CFE9CFF24044F0 /* Pods_Twitter_DemoUITests.framework in Frameworks */,
			);
			runOnlyForDeploymentPostprocessing = 0;
		};
/* End PBXFrameworksBuildPhase section */

/* Begin PBXGroup section */
		1403E1D91E63E707009450E0 = {
			isa = PBXGroup;
			children = (
				1403E1E41E63E707009450E0 /* Twitter-Demo */,
				1403E1F91E63E708009450E0 /* Twitter-DemoTests */,
				1403E2041E63E708009450E0 /* Twitter-DemoUITests */,
				1403E1E31E63E707009450E0 /* Products */,
				C0B4DBBB1AA0ACE8286E1CAA /* Pods */,
				353DE1A8B71EE35B1237B868 /* Frameworks */,
			);
			sourceTree = "<group>";
		};
		1403E1E31E63E707009450E0 /* Products */ = {
			isa = PBXGroup;
			children = (
				1403E1E21E63E707009450E0 /* Twitter-Demo.app */,
				1403E1F61E63E708009450E0 /* Twitter-DemoTests.xctest */,
				1403E2011E63E708009450E0 /* Twitter-DemoUITests.xctest */,
			);
			name = Products;
			sourceTree = "<group>";
		};
		1403E1E41E63E707009450E0 /* Twitter-Demo */ = {
			isa = PBXGroup;
			children = (
				14DE76441E6502C400578FB2 /* Views */,
				14FDDFF61E64A90D001B9DC8 /* API */,
				14FDDFF51E64A905001B9DC8 /* View Controllers */,
				14FDDFF41E64A8FB001B9DC8 /* Models */,
				1403E1E51E63E707009450E0 /* AppDelegate.swift */,
				1403E1E91E63E707009450E0 /* Main.storyboard */,
				1403E1EC1E63E707009450E0 /* Assets.xcassets */,
				1403E1EE1E63E707009450E0 /* LaunchScreen.storyboard */,
				1403E1F11E63E707009450E0 /* Info.plist */,
				14AE0BDF1E64863600B52899 /* GlobalVars.swift */,
			);
			path = "Twitter-Demo";
			sourceTree = "<group>";
		};
		1403E1F91E63E708009450E0 /* Twitter-DemoTests */ = {
			isa = PBXGroup;
			children = (
				1403E1FA1E63E708009450E0 /* Twitter_DemoTests.swift */,
				1403E1FC1E63E708009450E0 /* Info.plist */,
			);
			path = "Twitter-DemoTests";
			sourceTree = "<group>";
		};
		1403E2041E63E708009450E0 /* Twitter-DemoUITests */ = {
			isa = PBXGroup;
			children = (
				1403E2051E63E708009450E0 /* Twitter_DemoUITests.swift */,
				1403E2071E63E708009450E0 /* Info.plist */,
			);
			path = "Twitter-DemoUITests";
			sourceTree = "<group>";
		};
		14DE76441E6502C400578FB2 /* Views */ = {
			isa = PBXGroup;
			children = (
				14DE76471E65095500578FB2 /* TweetCell.swift */,
			);
			name = Views;
			sourceTree = "<group>";
		};
		14FDDFF41E64A8FB001B9DC8 /* Models */ = {
			isa = PBXGroup;
			children = (
				14FDDFF71E64A93F001B9DC8 /* User.swift */,
				14FDDFF91E64A948001B9DC8 /* Tweet.swift */,
			);
			name = Models;
			sourceTree = "<group>";
		};
		14FDDFF51E64A905001B9DC8 /* View Controllers */ = {
			isa = PBXGroup;
			children = (
				1403E2131E63F8E7009450E0 /* LoginViewController.swift */,
				14DE76421E64FD9F00578FB2 /* TweetsViewController.swift */,
				1429AF4D1E6DFF2C0090F11B /* TweetDetailViewController.swift */,
				1429AF4F1E6E414A0090F11B /* ProfileViewController.swift */,
			);
			name = "View Controllers";
			sourceTree = "<group>";
		};
		14FDDFF61E64A90D001B9DC8 /* API */ = {
			isa = PBXGroup;
			children = (
				14FDDFFB1E64AF7B001B9DC8 /* TwitterClient.swift */,
			);
			name = API;
			sourceTree = "<group>";
		};
		353DE1A8B71EE35B1237B868 /* Frameworks */ = {
			isa = PBXGroup;
			children = (
				8B7461DC685C9CEE6CA67C84 /* Pods_Twitter_Demo.framework */,
				7C126E8BC2635C4463C160D8 /* Pods_Twitter_DemoTests.framework */,
				CB9598DB37014F88220E7323 /* Pods_Twitter_DemoUITests.framework */,
			);
			name = Frameworks;
			sourceTree = "<group>";
		};
		C0B4DBBB1AA0ACE8286E1CAA /* Pods */ = {
			isa = PBXGroup;
			children = (
				620C4E2D61D7C6BA4F2090F0 /* Pods-Twitter-Demo.debug.xcconfig */,
				4222EC8CDE5DC4EDAC628B1A /* Pods-Twitter-Demo.release.xcconfig */,
				7A6DA8573DAED33CAD37C81A /* Pods-Twitter-DemoTests.debug.xcconfig */,
				93915A0299E1D51B7CDF1AB6 /* Pods-Twitter-DemoTests.release.xcconfig */,
				B72FAE917BE7D638B315A0BE /* Pods-Twitter-DemoUITests.debug.xcconfig */,
				758CC515EF914DA464F6B52F /* Pods-Twitter-DemoUITests.release.xcconfig */,
			);
			name = Pods;
			sourceTree = "<group>";
		};
/* End PBXGroup section */

/* Begin PBXNativeTarget section */
		1403E1E11E63E707009450E0 /* Twitter-Demo */ = {
			isa = PBXNativeTarget;
			buildConfigurationList = 1403E20A1E63E708009450E0 /* Build configuration list for PBXNativeTarget "Twitter-Demo" */;
			buildPhases = (
				D41D2476F276417751964DE3 /* [CP] Check Pods Manifest.lock */,
				1403E1DE1E63E707009450E0 /* Sources */,
				1403E1DF1E63E707009450E0 /* Frameworks */,
				1403E1E01E63E707009450E0 /* Resources */,
				EA4BD7045CF0663B7BE373F1 /* [CP] Embed Pods Frameworks */,
				7D0399899A3E4A430F24DC8B /* [CP] Copy Pods Resources */,
			);
			buildRules = (
			);
			dependencies = (
			);
			name = "Twitter-Demo";
			productName = "Twitter-Demo";
			productReference = 1403E1E21E63E707009450E0 /* Twitter-Demo.app */;
			productType = "com.apple.product-type.application";
		};
		1403E1F51E63E708009450E0 /* Twitter-DemoTests */ = {
			isa = PBXNativeTarget;
			buildConfigurationList = 1403E20D1E63E708009450E0 /* Build configuration list for PBXNativeTarget "Twitter-DemoTests" */;
			buildPhases = (
				FB1A60EEEF059E9468A0EDEC /* [CP] Check Pods Manifest.lock */,
				1403E1F21E63E708009450E0 /* Sources */,
				1403E1F31E63E708009450E0 /* Frameworks */,
				1403E1F41E63E708009450E0 /* Resources */,
				CC6547E52CB68FBFB827D8A7 /* [CP] Embed Pods Frameworks */,
				F7679C0E5B5F575D5971BC21 /* [CP] Copy Pods Resources */,
			);
			buildRules = (
			);
			dependencies = (
				1403E1F81E63E708009450E0 /* PBXTargetDependency */,
			);
			name = "Twitter-DemoTests";
			productName = "Twitter-DemoTests";
			productReference = 1403E1F61E63E708009450E0 /* Twitter-DemoTests.xctest */;
			productType = "com.apple.product-type.bundle.unit-test";
		};
		1403E2001E63E708009450E0 /* Twitter-DemoUITests */ = {
			isa = PBXNativeTarget;
			buildConfigurationList = 1403E2101E63E708009450E0 /* Build configuration list for PBXNativeTarget "Twitter-DemoUITests" */;
			buildPhases = (
				3409C060C026C42721EC7947 /* [CP] Check Pods Manifest.lock */,
				1403E1FD1E63E708009450E0 /* Sources */,
				1403E1FE1E63E708009450E0 /* Frameworks */,
				1403E1FF1E63E708009450E0 /* Resources */,
				7D5E574C6DA774AAEEB0AC2A /* [CP] Embed Pods Frameworks */,
				DE06F132731F3023D56FE793 /* [CP] Copy Pods Resources */,
			);
			buildRules = (
			);
			dependencies = (
				1403E2031E63E708009450E0 /* PBXTargetDependency */,
			);
			name = "Twitter-DemoUITests";
			productName = "Twitter-DemoUITests";
			productReference = 1403E2011E63E708009450E0 /* Twitter-DemoUITests.xctest */;
			productType = "com.apple.product-type.bundle.ui-testing";
		};
/* End PBXNativeTarget section */

/* Begin PBXProject section */
		1403E1DA1E63E707009450E0 /* Project object */ = {
			isa = PBXProject;
			attributes = {
				LastSwiftUpdateCheck = 0820;
				LastUpgradeCheck = 0820;
				ORGANIZATIONNAME = "Deep S Randhawa";
				TargetAttributes = {
					1403E1E11E63E707009450E0 = {
						CreatedOnToolsVersion = 8.2.1;
						ProvisioningStyle = Automatic;
					};
					1403E1F51E63E708009450E0 = {
						CreatedOnToolsVersion = 8.2.1;
						ProvisioningStyle = Automatic;
						TestTargetID = 1403E1E11E63E707009450E0;
					};
					1403E2001E63E708009450E0 = {
						CreatedOnToolsVersion = 8.2.1;
						ProvisioningStyle = Automatic;
						TestTargetID = 1403E1E11E63E707009450E0;
					};
				};
			};
			buildConfigurationList = 1403E1DD1E63E707009450E0 /* Build configuration list for PBXProject "Twitter-Demo" */;
			compatibilityVersion = "Xcode 3.2";
			developmentRegion = English;
			hasScannedForEncodings = 0;
			knownRegions = (
				en,
				Base,
			);
			mainGroup = 1403E1D91E63E707009450E0;
			productRefGroup = 1403E1E31E63E707009450E0 /* Products */;
			projectDirPath = "";
			projectRoot = "";
			targets = (
				1403E1E11E63E707009450E0 /* Twitter-Demo */,
				1403E1F51E63E708009450E0 /* Twitter-DemoTests */,
				1403E2001E63E708009450E0 /* Twitter-DemoUITests */,
			);
		};
/* End PBXProject section */

/* Begin PBXResourcesBuildPhase section */
		1403E1E01E63E707009450E0 /* Resources */ = {
			isa = PBXResourcesBuildPhase;
			buildActionMask = 2147483647;
			files = (
				1403E1F01E63E707009450E0 /* LaunchScreen.storyboard in Resources */,
				1403E1ED1E63E707009450E0 /* Assets.xcassets in Resources */,
				1403E1EB1E63E707009450E0 /* Main.storyboard in Resources */,
			);
			runOnlyForDeploymentPostprocessing = 0;
		};
		1403E1F41E63E708009450E0 /* Resources */ = {
			isa = PBXResourcesBuildPhase;
			buildActionMask = 2147483647;
			files = (
			);
			runOnlyForDeploymentPostprocessing = 0;
		};
		1403E1FF1E63E708009450E0 /* Resources */ = {
			isa = PBXResourcesBuildPhase;
			buildActionMask = 2147483647;
			files = (
			);
			runOnlyForDeploymentPostprocessing = 0;
		};
/* End PBXResourcesBuildPhase section */

/* Begin PBXShellScriptBuildPhase section */
		3409C060C026C42721EC7947 /* [CP] Check Pods Manifest.lock */ = {
			isa = PBXShellScriptBuildPhase;
			buildActionMask = 2147483647;
			files = (
			);
			inputPaths = (
			);
			name = "[CP] Check Pods Manifest.lock";
			outputPaths = (
			);
			runOnlyForDeploymentPostprocessing = 0;
			shellPath = /bin/sh;
			shellScript = "diff \"${PODS_ROOT}/../Podfile.lock\" \"${PODS_ROOT}/Manifest.lock\" > /dev/null\nif [ $? != 0 ] ; then\n    # print error to STDERR\n    echo \"error: The sandbox is not in sync with the Podfile.lock. Run 'pod install' or update your CocoaPods installation.\" >&2\n    exit 1\nfi\n";
			showEnvVarsInLog = 0;
		};
		7D0399899A3E4A430F24DC8B /* [CP] Copy Pods Resources */ = {
			isa = PBXShellScriptBuildPhase;
			buildActionMask = 2147483647;
			files = (
			);
			inputPaths = (
			);
			name = "[CP] Copy Pods Resources";
			outputPaths = (
			);
			runOnlyForDeploymentPostprocessing = 0;
			shellPath = /bin/sh;
			shellScript = "\"${SRCROOT}/Pods/Target Support Files/Pods-Twitter-Demo/Pods-Twitter-Demo-resources.sh\"\n";
			showEnvVarsInLog = 0;
		};
		7D5E574C6DA774AAEEB0AC2A /* [CP] Embed Pods Frameworks */ = {
			isa = PBXShellScriptBuildPhase;
			buildActionMask = 2147483647;
			files = (
			);
			inputPaths = (
			);
			name = "[CP] Embed Pods Frameworks";
			outputPaths = (
			);
			runOnlyForDeploymentPostprocessing = 0;
			shellPath = /bin/sh;
			shellScript = "\"${SRCROOT}/Pods/Target Support Files/Pods-Twitter-DemoUITests/Pods-Twitter-DemoUITests-frameworks.sh\"\n";
			showEnvVarsInLog = 0;
		};
		CC6547E52CB68FBFB827D8A7 /* [CP] Embed Pods Frameworks */ = {
			isa = PBXShellScriptBuildPhase;
			buildActionMask = 2147483647;
			files = (
			);
			inputPaths = (
			);
			name = "[CP] Embed Pods Frameworks";
			outputPaths = (
			);
			runOnlyForDeploymentPostprocessing = 0;
			shellPath = /bin/sh;
			shellScript = "\"${SRCROOT}/Pods/Target Support Files/Pods-Twitter-DemoTests/Pods-Twitter-DemoTests-frameworks.sh\"\n";
			showEnvVarsInLog = 0;
		};
		D41D2476F276417751964DE3 /* [CP] Check Pods Manifest.lock */ = {
			isa = PBXShellScriptBuildPhase;
			buildActionMask = 2147483647;
			files = (
			);
			inputPaths = (
			);
			name = "[CP] Check Pods Manifest.lock";
			outputPaths = (
			);
			runOnlyForDeploymentPostprocessing = 0;
			shellPath = /bin/sh;
			shellScript = "diff \"${PODS_ROOT}/../Podfile.lock\" \"${PODS_ROOT}/Manifest.lock\" > /dev/null\nif [ $? != 0 ] ; then\n    # print error to STDERR\n    echo \"error: The sandbox is not in sync with the Podfile.lock. Run 'pod install' or update your CocoaPods installation.\" >&2\n    exit 1\nfi\n";
			showEnvVarsInLog = 0;
		};
		DE06F132731F3023D56FE793 /* [CP] Copy Pods Resources */ = {
			isa = PBXShellScriptBuildPhase;
			buildActionMask = 2147483647;
			files = (
			);
			inputPaths = (
			);
			name = "[CP] Copy Pods Resources";
			outputPaths = (
			);
			runOnlyForDeploymentPostprocessing = 0;
			shellPath = /bin/sh;
			shellScript = "\"${SRCROOT}/Pods/Target Support Files/Pods-Twitter-DemoUITests/Pods-Twitter-DemoUITests-resources.sh\"\n";
			showEnvVarsInLog = 0;
		};
		EA4BD7045CF0663B7BE373F1 /* [CP] Embed Pods Frameworks */ = {
			isa = PBXShellScriptBuildPhase;
			buildActionMask = 2147483647;
			files = (
			);
			inputPaths = (
			);
			name = "[CP] Embed Pods Frameworks";
			outputPaths = (
			);
			runOnlyForDeploymentPostprocessing = 0;
			shellPath = /bin/sh;
			shellScript = "\"${SRCROOT}/Pods/Target Support Files/Pods-Twitter-Demo/Pods-Twitter-Demo-frameworks.sh\"\n";
			showEnvVarsInLog = 0;
		};
		F7679C0E5B5F575D5971BC21 /* [CP] Copy Pods Resources */ = {
			isa = PBXShellScriptBuildPhase;
			buildActionMask = 2147483647;
			files = (
			);
			inputPaths = (
			);
			name = "[CP] Copy Pods Resources";
			outputPaths = (
			);
			runOnlyForDeploymentPostprocessing = 0;
			shellPath = /bin/sh;
			shellScript = "\"${SRCROOT}/Pods/Target Support Files/Pods-Twitter-DemoTests/Pods-Twitter-DemoTests-resources.sh\"\n";
			showEnvVarsInLog = 0;
		};
		FB1A60EEEF059E9468A0EDEC /* [CP] Check Pods Manifest.lock */ = {
			isa = PBXShellScriptBuildPhase;
			buildActionMask = 2147483647;
			files = (
			);
			inputPaths = (
			);
			name = "[CP] Check Pods Manifest.lock";
			outputPaths = (
			);
			runOnlyForDeploymentPostprocessing = 0;
			shellPath = /bin/sh;
			shellScript = "diff \"${PODS_ROOT}/../Podfile.lock\" \"${PODS_ROOT}/Manifest.lock\" > /dev/null\nif [ $? != 0 ] ; then\n    # print error to STDERR\n    echo \"error: The sandbox is not in sync with the Podfile.lock. Run 'pod install' or update your CocoaPods installation.\" >&2\n    exit 1\nfi\n";
			showEnvVarsInLog = 0;
		};
/* End PBXShellScriptBuildPhase section */

/* Begin PBXSourcesBuildPhase section */
		1403E1DE1E63E707009450E0 /* Sources */ = {
			isa = PBXSourcesBuildPhase;
			buildActionMask = 2147483647;
			files = (
				14DE76431E64FD9F00578FB2 /* TweetsViewController.swift in Sources */,
				14AE0BE01E64863600B52899 /* GlobalVars.swift in Sources */,
				1429AF501E6E414A0090F11B /* ProfileViewController.swift in Sources */,
				1429AF4E1E6DFF2C0090F11B /* TweetDetailViewController.swift in Sources */,
				1403E2141E63F8E7009450E0 /* LoginViewController.swift in Sources */,
				14DE76481E65095500578FB2 /* TweetCell.swift in Sources */,
				14FDDFFA1E64A948001B9DC8 /* Tweet.swift in Sources */,
				14FDDFFC1E64AF7B001B9DC8 /* TwitterClient.swift in Sources */,
				14FDDFF81E64A93F001B9DC8 /* User.swift in Sources */,
				1403E1E61E63E707009450E0 /* AppDelegate.swift in Sources */,
			);
			runOnlyForDeploymentPostprocessing = 0;
		};
		1403E1F21E63E708009450E0 /* Sources */ = {
			isa = PBXSourcesBuildPhase;
			buildActionMask = 2147483647;
			files = (
				1403E1FB1E63E708009450E0 /* Twitter_DemoTests.swift in Sources */,
			);
			runOnlyForDeploymentPostprocessing = 0;
		};
		1403E1FD1E63E708009450E0 /* Sources */ = {
			isa = PBXSourcesBuildPhase;
			buildActionMask = 2147483647;
			files = (
				1403E2061E63E708009450E0 /* Twitter_DemoUITests.swift in Sources */,
			);
			runOnlyForDeploymentPostprocessing = 0;
		};
/* End PBXSourcesBuildPhase section */

/* Begin PBXTargetDependency section */
		1403E1F81E63E708009450E0 /* PBXTargetDependency */ = {
			isa = PBXTargetDependency;
			target = 1403E1E11E63E707009450E0 /* Twitter-Demo */;
			targetProxy = 1403E1F71E63E708009450E0 /* PBXContainerItemProxy */;
		};
		1403E2031E63E708009450E0 /* PBXTargetDependency */ = {
			isa = PBXTargetDependency;
			target = 1403E1E11E63E707009450E0 /* Twitter-Demo */;
			targetProxy = 1403E2021E63E708009450E0 /* PBXContainerItemProxy */;
		};
/* End PBXTargetDependency section */

/* Begin PBXVariantGroup section */
		1403E1E91E63E707009450E0 /* Main.storyboard */ = {
			isa = PBXVariantGroup;
			children = (
				1403E1EA1E63E707009450E0 /* Base */,
			);
			name = Main.storyboard;
			sourceTree = "<group>";
		};
		1403E1EE1E63E707009450E0 /* LaunchScreen.storyboard */ = {
			isa = PBXVariantGroup;
			children = (
				1403E1EF1E63E707009450E0 /* Base */,
			);
			name = LaunchScreen.storyboard;
			sourceTree = "<group>";
		};
/* End PBXVariantGroup section */

/* Begin XCBuildConfiguration section */
		1403E2081E63E708009450E0 /* Debug */ = {
			isa = XCBuildConfiguration;
			buildSettings = {
				ALWAYS_SEARCH_USER_PATHS = NO;
				CLANG_ANALYZER_NONNULL = YES;
				CLANG_CXX_LANGUAGE_STANDARD = "gnu++0x";
				CLANG_CXX_LIBRARY = "libc++";
				CLANG_ENABLE_MODULES = YES;
				CLANG_ENABLE_OBJC_ARC = YES;
				CLANG_WARN_BOOL_CONVERSION = YES;
				CLANG_WARN_CONSTANT_CONVERSION = YES;
				CLANG_WARN_DIRECT_OBJC_ISA_USAGE = YES_ERROR;
				CLANG_WARN_DOCUMENTATION_COMMENTS = YES;
				CLANG_WARN_EMPTY_BODY = YES;
				CLANG_WARN_ENUM_CONVERSION = YES;
				CLANG_WARN_INFINITE_RECURSION = YES;
				CLANG_WARN_INT_CONVERSION = YES;
				CLANG_WARN_OBJC_ROOT_CLASS = YES_ERROR;
				CLANG_WARN_SUSPICIOUS_MOVE = YES;
				CLANG_WARN_UNREACHABLE_CODE = YES;
				CLANG_WARN__DUPLICATE_METHOD_MATCH = YES;
				"CODE_SIGN_IDENTITY[sdk=iphoneos*]" = "iPhone Developer";
				COPY_PHASE_STRIP = NO;
				DEBUG_INFORMATION_FORMAT = dwarf;
				ENABLE_STRICT_OBJC_MSGSEND = YES;
				ENABLE_TESTABILITY = YES;
				GCC_C_LANGUAGE_STANDARD = gnu99;
				GCC_DYNAMIC_NO_PIC = NO;
				GCC_NO_COMMON_BLOCKS = YES;
				GCC_OPTIMIZATION_LEVEL = 0;
				GCC_PREPROCESSOR_DEFINITIONS = (
					"DEBUG=1",
					"$(inherited)",
				);
				GCC_WARN_64_TO_32_BIT_CONVERSION = YES;
				GCC_WARN_ABOUT_RETURN_TYPE = YES_ERROR;
				GCC_WARN_UNDECLARED_SELECTOR = YES;
				GCC_WARN_UNINITIALIZED_AUTOS = YES_AGGRESSIVE;
				GCC_WARN_UNUSED_FUNCTION = YES;
				GCC_WARN_UNUSED_VARIABLE = YES;
				IPHONEOS_DEPLOYMENT_TARGET = 10.2;
				MTL_ENABLE_DEBUG_INFO = YES;
				ONLY_ACTIVE_ARCH = YES;
				SDKROOT = iphoneos;
				SWIFT_ACTIVE_COMPILATION_CONDITIONS = DEBUG;
				SWIFT_OPTIMIZATION_LEVEL = "-Onone";
				TARGETED_DEVICE_FAMILY = "1,2";
			};
			name = Debug;
		};
		1403E2091E63E708009450E0 /* Release */ = {
			isa = XCBuildConfiguration;
			buildSettings = {
				ALWAYS_SEARCH_USER_PATHS = NO;
				CLANG_ANALYZER_NONNULL = YES;
				CLANG_CXX_LANGUAGE_STANDARD = "gnu++0x";
				CLANG_CXX_LIBRARY = "libc++";
				CLANG_ENABLE_MODULES = YES;
				CLANG_ENABLE_OBJC_ARC = YES;
				CLANG_WARN_BOOL_CONVERSION = YES;
				CLANG_WARN_CONSTANT_CONVERSION = YES;
				CLANG_WARN_DIRECT_OBJC_ISA_USAGE = YES_ERROR;
				CLANG_WARN_DOCUMENTATION_COMMENTS = YES;
				CLANG_WARN_EMPTY_BODY = YES;
				CLANG_WARN_ENUM_CONVERSION = YES;
				CLANG_WARN_INFINITE_RECURSION = YES;
				CLANG_WARN_INT_CONVERSION = YES;
				CLANG_WARN_OBJC_ROOT_CLASS = YES_ERROR;
				CLANG_WARN_SUSPICIOUS_MOVE = YES;
				CLANG_WARN_UNREACHABLE_CODE = YES;
				CLANG_WARN__DUPLICATE_METHOD_MATCH = YES;
				"CODE_SIGN_IDENTITY[sdk=iphoneos*]" = "iPhone Developer";
				COPY_PHASE_STRIP = NO;
				DEBUG_INFORMATION_FORMAT = "dwarf-with-dsym";
				ENABLE_NS_ASSERTIONS = NO;
				ENABLE_STRICT_OBJC_MSGSEND = YES;
				GCC_C_LANGUAGE_STANDARD = gnu99;
				GCC_NO_COMMON_BLOCKS = YES;
				GCC_WARN_64_TO_32_BIT_CONVERSION = YES;
				GCC_WARN_ABOUT_RETURN_TYPE = YES_ERROR;
				GCC_WARN_UNDECLARED_SELECTOR = YES;
				GCC_WARN_UNINITIALIZED_AUTOS = YES_AGGRESSIVE;
				GCC_WARN_UNUSED_FUNCTION = YES;
				GCC_WARN_UNUSED_VARIABLE = YES;
				IPHONEOS_DEPLOYMENT_TARGET = 10.2;
				MTL_ENABLE_DEBUG_INFO = NO;
				SDKROOT = iphoneos;
				SWIFT_OPTIMIZATION_LEVEL = "-Owholemodule";
				TARGETED_DEVICE_FAMILY = "1,2";
				VALIDATE_PRODUCT = YES;
			};
			name = Release;
		};
		1403E20B1E63E708009450E0 /* Debug */ = {
			isa = XCBuildConfiguration;
			baseConfigurationReference = 620C4E2D61D7C6BA4F2090F0 /* Pods-Twitter-Demo.debug.xcconfig */;
			buildSettings = {
				ASSETCATALOG_COMPILER_APPICON_NAME = AppIcon;
				INFOPLIST_FILE = "Twitter-Demo/Info.plist";
				LD_RUNPATH_SEARCH_PATHS = "$(inherited) @executable_path/Frameworks";
				PRODUCT_BUNDLE_IDENTIFIER = "randhawa.deep.Twitter-Demo";
				PRODUCT_NAME = "$(TARGET_NAME)";
				SWIFT_VERSION = 3.0;
			};
			name = Debug;
		};
		1403E20C1E63E708009450E0 /* Release */ = {
			isa = XCBuildConfiguration;
			baseConfigurationReference = 4222EC8CDE5DC4EDAC628B1A /* Pods-Twitter-Demo.release.xcconfig */;
			buildSettings = {
				ASSETCATALOG_COMPILER_APPICON_NAME = AppIcon;
				INFOPLIST_FILE = "Twitter-Demo/Info.plist";
				LD_RUNPATH_SEARCH_PATHS = "$(inherited) @executable_path/Frameworks";
				PRODUCT_BUNDLE_IDENTIFIER = "randhawa.deep.Twitter-Demo";
				PRODUCT_NAME = "$(TARGET_NAME)";
				SWIFT_VERSION = 3.0;
			};
			name = Release;
		};
		1403E20E1E63E708009450E0 /* Debug */ = {
			isa = XCBuildConfiguration;
			baseConfigurationReference = 7A6DA8573DAED33CAD37C81A /* Pods-Twitter-DemoTests.debug.xcconfig */;
			buildSettings = {
				ALWAYS_EMBED_SWIFT_STANDARD_LIBRARIES = YES;
				BUNDLE_LOADER = "$(TEST_HOST)";
				INFOPLIST_FILE = "Twitter-DemoTests/Info.plist";
				LD_RUNPATH_SEARCH_PATHS = "$(inherited) @executable_path/Frameworks @loader_path/Frameworks";
				PRODUCT_BUNDLE_IDENTIFIER = "randhawa.deep.Twitter-DemoTests";
				PRODUCT_NAME = "$(TARGET_NAME)";
				SWIFT_VERSION = 3.0;
				TEST_HOST = "$(BUILT_PRODUCTS_DIR)/Twitter-Demo.app/Twitter-Demo";
			};
			name = Debug;
		};
		1403E20F1E63E708009450E0 /* Release */ = {
			isa = XCBuildConfiguration;
			baseConfigurationReference = 93915A0299E1D51B7CDF1AB6 /* Pods-Twitter-DemoTests.release.xcconfig */;
			buildSettings = {
				ALWAYS_EMBED_SWIFT_STANDARD_LIBRARIES = YES;
				BUNDLE_LOADER = "$(TEST_HOST)";
				INFOPLIST_FILE = "Twitter-DemoTests/Info.plist";
				LD_RUNPATH_SEARCH_PATHS = "$(inherited) @executable_path/Frameworks @loader_path/Frameworks";
				PRODUCT_BUNDLE_IDENTIFIER = "randhawa.deep.Twitter-DemoTests";
				PRODUCT_NAME = "$(TARGET_NAME)";
				SWIFT_VERSION = 3.0;
				TEST_HOST = "$(BUILT_PRODUCTS_DIR)/Twitter-Demo.app/Twitter-Demo";
			};
			name = Release;
		};
		1403E2111E63E708009450E0 /* Debug */ = {
			isa = XCBuildConfiguration;
			baseConfigurationReference = B72FAE917BE7D638B315A0BE /* Pods-Twitter-DemoUITests.debug.xcconfig */;
			buildSettings = {
				ALWAYS_EMBED_SWIFT_STANDARD_LIBRARIES = YES;
				INFOPLIST_FILE = "Twitter-DemoUITests/Info.plist";
				LD_RUNPATH_SEARCH_PATHS = "$(inherited) @executable_path/Frameworks @loader_path/Frameworks";
				PRODUCT_BUNDLE_IDENTIFIER = "randhawa.deep.Twitter-DemoUITests";
				PRODUCT_NAME = "$(TARGET_NAME)";
				SWIFT_VERSION = 3.0;
				TEST_TARGET_NAME = "Twitter-Demo";
			};
			name = Debug;
		};
		1403E2121E63E708009450E0 /* Release */ = {
			isa = XCBuildConfiguration;
			baseConfigurationReference = 758CC515EF914DA464F6B52F /* Pods-Twitter-DemoUITests.release.xcconfig */;
			buildSettings = {
				ALWAYS_EMBED_SWIFT_STANDARD_LIBRARIES = YES;
				INFOPLIST_FILE = "Twitter-DemoUITests/Info.plist";
				LD_RUNPATH_SEARCH_PATHS = "$(inherited) @executable_path/Frameworks @loader_path/Frameworks";
				PRODUCT_BUNDLE_IDENTIFIER = "randhawa.deep.Twitter-DemoUITests";
				PRODUCT_NAME = "$(TARGET_NAME)";
				SWIFT_VERSION = 3.0;
				TEST_TARGET_NAME = "Twitter-Demo";
			};
			name = Release;
		};
/* End XCBuildConfiguration section */

/* Begin XCConfigurationList section */
		1403E1DD1E63E707009450E0 /* Build configuration list for PBXProject "Twitter-Demo" */ = {
			isa = XCConfigurationList;
			buildConfigurations = (
				1403E2081E63E708009450E0 /* Debug */,
				1403E2091E63E708009450E0 /* Release */,
			);
			defaultConfigurationIsVisible = 0;
			defaultConfigurationName = Release;
		};
		1403E20A1E63E708009450E0 /* Build configuration list for PBXNativeTarget "Twitter-Demo" */ = {
			isa = XCConfigurationList;
			buildConfigurations = (
				1403E20B1E63E708009450E0 /* Debug */,
				1403E20C1E63E708009450E0 /* Release */,
			);
			defaultConfigurationIsVisible = 0;
			defaultConfigurationName = Release;
		};
		1403E20D1E63E708009450E0 /* Build configuration list for PBXNativeTarget "Twitter-DemoTests" */ = {
			isa = XCConfigurationList;
			buildConfigurations = (
				1403E20E1E63E708009450E0 /* Debug */,
				1403E20F1E63E708009450E0 /* Release */,
			);
			defaultConfigurationIsVisible = 0;
			defaultConfigurationName = Release;
		};
		1403E2101E63E708009450E0 /* Build configuration list for PBXNativeTarget "Twitter-DemoUITests" */ = {
			isa = XCConfigurationList;
			buildConfigurations = (
				1403E2111E63E708009450E0 /* Debug */,
				1403E2121E63E708009450E0 /* Release */,
			);
			defaultConfigurationIsVisible = 0;
			defaultConfigurationName = Release;
		};
/* End XCConfigurationList section */
	};
	rootObject = 1403E1DA1E63E707009450E0 /* Project object */;
}
